
Microsoft Visual Studio Solution File, Format Version 12.00
# Visual Studio 15
VisualStudioVersion = 15.0.26730.16
MinimumVisualStudioVersion = 10.0.40219.1
Project("{FAE04EC0-301F-11D3-BF4B-00C04F79EFBC}") = "aspdotnetcore_Mario_Samison", "aspdotnetcore_Mario_Samison\aspdotnetcore_Mario_Samison.csproj", "{B2E5BD8D-BA59-4928-A864-050531AABAB9}"
EndProject
Global
	GlobalSection(SolutionConfigurationPlatforms) = preSolution
		Debug|Any CPU = Debug|Any CPU
		Release|Any CPU = Release|Any CPU
	EndGlobalSection
	GlobalSection(ProjectConfigurationPlatforms) = postSolution
		{B2E5BD8D-BA59-4928-A864-050531AABAB9}.Debug|Any CPU.ActiveCfg = Debug|Any CPU
		{B2E5BD8D-BA59-4928-A864-050531AABAB9}.Debug|Any CPU.Build.0 = Debug|Any CPU
		{B2E5BD8D-BA59-4928-A864-050531AABAB9}.Release|Any CPU.ActiveCfg = Release|Any CPU
		{B2E5BD8D-BA59-4928-A864-050531AABAB9}.Release|Any CPU.Build.0 = Release|Any CPU
	EndGlobalSection
	GlobalSection(SolutionProperties) = preSolution
		HideSolutionNode = FALSE
	EndGlobalSection
	GlobalSection(ExtensibilityGlobals) = postSolution
		SolutionGuid = {F802524A-8C87-43CE-8C6D-150EC47BAE45}
	EndGlobalSection
EndGlobal
